// !$*UTF8*$!
{
	archiveVersion = 1;
	classes = {
	};
	objectVersion = 77;
	objects = {

/* Begin PBXContainerItemProxy section */
		A0D4EC632DA48E910056587E /* PBXContainerItemProxy */ = {
			isa = PBXContainerItemProxy;
			containerPortal = A0D4EC442DA48E8F0056587E /* Project object */;
			proxyType = 1;
			remoteGlobalIDString = A0D4EC4B2DA48E8F0056587E;
			remoteInfo = Splitwise;
		};
		A0D4EC6D2DA48E910056587E /* PBXContainerItemProxy */ = {
			isa = PBXContainerItemProxy;
			containerPortal = A0D4EC442DA48E8F0056587E /* Project object */;
			proxyType = 1;
			remoteGlobalIDString = A0D4EC4B2DA48E8F0056587E;
			remoteInfo = Splitwise;
		};
/* End PBXContainerItemProxy section */

/* Begin PBXFileReference section */
		A0D4EC4C2DA48E8F0056587E /* Splitwise.app */ = {isa = PBXFileReference; explicitFileType = wrapper.application; includeInIndex = 0; path = Splitwise.app; sourceTree = BUILT_PRODUCTS_DIR; };
		A0D4EC622DA48E910056587E /* SplitwiseTests.xctest */ = {isa = PBXFileReference; explicitFileType = wrapper.cfbundle; includeInIndex = 0; path = SplitwiseTests.xctest; sourceTree = BUILT_PRODUCTS_DIR; };
		A0D4EC6C2DA48E910056587E /* SplitwiseUITests.xctest */ = {isa = PBXFileReference; explicitFileType = wrapper.cfbundle; includeInIndex = 0; path = SplitwiseUITests.xctest; sourceTree = BUILT_PRODUCTS_DIR; };
/* End PBXFileReference section */

/* Begin PBXFileSystemSynchronizedBuildFileExceptionSet section */
		A0D4EC742DA48E910056587E /* Exceptions for "Splitwise" folder in "Splitwise" target */ = {
			isa = PBXFileSystemSynchronizedBuildFileExceptionSet;
			membershipExceptions = (
				Info.plist,
			);
			target = A0D4EC4B2DA48E8F0056587E /* Splitwise */;
		};
/* End PBXFileSystemSynchronizedBuildFileExceptionSet section */

/* Begin PBXFileSystemSynchronizedRootGroup section */
		A0D4EC4E2DA48E8F0056587E /* Splitwise */ = {
			isa = PBXFileSystemSynchronizedRootGroup;
			exceptions = (
				A0D4EC742DA48E910056587E /* Exceptions for "Splitwise" folder in "Splitwise" target */,
			);
			path = Splitwise;
			sourceTree = "<group>";
		};
		A0D4EC652DA48E910056587E /* SplitwiseTests */ = {
			isa = PBXFileSystemSynchronizedRootGroup;
			path = SplitwiseTests;
			sourceTree = "<group>";
		};
		A0D4EC6F2DA48E910056587E /* SplitwiseUITests */ = {
			isa = PBXFileSystemSynchronizedRootGroup;
			path = SplitwiseUITests;
			sourceTree = "<group>";
		};
/* End PBXFileSystemSynchronizedRootGroup section */

/* Begin PBXFrameworksBuildPhase section */
		A0D4EC492DA48E8F0056587E /* Frameworks */ = {
			isa = PBXFrameworksBuildPhase;
			buildActionMask = 2147483647;
			files = (
			);
			runOnlyForDeploymentPostprocessing = 0;
		};
		A0D4EC5F2DA48E910056587E /* Frameworks */ = {
			isa = PBXFrameworksBuildPhase;
			buildActionMask = 2147483647;
			files = (
			);
			runOnlyForDeploymentPostprocessing = 0;
		};
		A0D4EC692DA48E910056587E /* Frameworks */ = {
			isa = PBXFrameworksBuildPhase;
			buildActionMask = 2147483647;
			files = (
			);
			runOnlyForDeploymentPostprocessing = 0;
		};
/* End PBXFrameworksBuildPhase section */

/* Begin PBXGroup section */
		A0D4EC432DA48E8F0056587E = {
			isa = PBXGroup;
			children = (
				A0D4EC4E2DA48E8F0056587E /* Splitwise */,
				A0D4EC652DA48E910056587E /* SplitwiseTests */,
				A0D4EC6F2DA48E910056587E /* SplitwiseUITests */,
				A0D4EC4D2DA48E8F0056587E /* Products */,
			);
			sourceTree = "<group>";
		};
		A0D4EC4D2DA48E8F0056587E /* Products */ = {
			isa = PBXGroup;
			children = (
				A0D4EC4C2DA48E8F0056587E /* Splitwise.app */,
				A0D4EC622DA48E910056587E /* SplitwiseTests.xctest */,
				A0D4EC6C2DA48E910056587E /* SplitwiseUITests.xctest */,
			);
			name = Products;
			sourceTree = "<group>";
		};
/* End PBXGroup section */

/* Begin PBXNativeTarget section */
		A0D4EC4B2DA48E8F0056587E /* Splitwise */ = {
			isa = PBXNativeTarget;
			buildConfigurationList = A0D4EC752DA48E910056587E /* Build configuration list for PBXNativeTarget "Splitwise" */;
			buildPhases = (
				A0D4EC482DA48E8F0056587E /* Sources */,
				A0D4EC492DA48E8F0056587E /* Frameworks */,
				A0D4EC4A2DA48E8F0056587E /* Resources */,
			);
			buildRules = (
			);
			dependencies = (
			);
			fileSystemSynchronizedGroups = (
				A0D4EC4E2DA48E8F0056587E /* Splitwise */,
			);
			name = Splitwise;
			packageProductDependencies = (
			);
			productName = Splitwise;
			productReference = A0D4EC4C2DA48E8F0056587E /* Splitwise.app */;
			productType = "com.apple.product-type.application";
		};
		A0D4EC612DA48E910056587E /* SplitwiseTests */ = {
			isa = PBXNativeTarget;
			buildConfigurationList = A0D4EC7A2DA48E910056587E /* Build configuration list for PBXNativeTarget "SplitwiseTests" */;
			buildPhases = (
				A0D4EC5E2DA48E910056587E /* Sources */,
				A0D4EC5F2DA48E910056587E /* Frameworks */,
				A0D4EC602DA48E910056587E /* Resources */,
			);
			buildRules = (
			);
			dependencies = (
				A0D4EC642DA48E910056587E /* PBXTargetDependency */,
			);
			fileSystemSynchronizedGroups = (
				A0D4EC652DA48E910056587E /* SplitwiseTests */,
			);
			name = SplitwiseTests;
			packageProductDependencies = (
			);
			productName = SplitwiseTests;
			productReference = A0D4EC622DA48E910056587E /* SplitwiseTests.xctest */;
			productType = "com.apple.product-type.bundle.unit-test";
		};
		A0D4EC6B2DA48E910056587E /* SplitwiseUITests */ = {
			isa = PBXNativeTarget;
			buildConfigurationList = A0D4EC7D2DA48E910056587E /* Build configuration list for PBXNativeTarget "SplitwiseUITests" */;
			buildPhases = (
				A0D4EC682DA48E910056587E /* Sources */,
				A0D4EC692DA48E910056587E /* Frameworks */,
				A0D4EC6A2DA48E910056587E /* Resources */,
			);
			buildRules = (
			);
			dependencies = (
				A0D4EC6E2DA48E910056587E /* PBXTargetDependency */,
			);
			fileSystemSynchronizedGroups = (
				A0D4EC6F2DA48E910056587E /* SplitwiseUITests */,
			);
			name = SplitwiseUITests;
			packageProductDependencies = (
			);
			productName = SplitwiseUITests;
			productReference = A0D4EC6C2DA48E910056587E /* SplitwiseUITests.xctest */;
			productType = "com.apple.product-type.bundle.ui-testing";
		};
/* End PBXNativeTarget section */

/* Begin PBXProject section */
		A0D4EC442DA48E8F0056587E /* Project object */ = {
			isa = PBXProject;
			attributes = {
				BuildIndependentTargetsInParallel = 1;
				LastSwiftUpdateCheck = 1620;
				LastUpgradeCheck = 1620;
				TargetAttributes = {
					A0D4EC4B2DA48E8F0056587E = {
						CreatedOnToolsVersion = 16.2;
					};
					A0D4EC612DA48E910056587E = {
						CreatedOnToolsVersion = 16.2;
						TestTargetID = A0D4EC4B2DA48E8F0056587E;
					};
					A0D4EC6B2DA48E910056587E = {
						CreatedOnToolsVersion = 16.2;
						TestTargetID = A0D4EC4B2DA48E8F0056587E;
					};
				};
			};
			buildConfigurationList = A0D4EC472DA48E8F0056587E /* Build configuration list for PBXProject "Splitwise" */;
			developmentRegion = en;
			hasScannedForEncodings = 0;
			knownRegions = (
				en,
				Base,
			);
			mainGroup = A0D4EC432DA48E8F0056587E;
			minimizedProjectReferenceProxies = 1;
			preferredProjectObjectVersion = 77;
			productRefGroup = A0D4EC4D2DA48E8F0056587E /* Products */;
			projectDirPath = "";
			projectRoot = "";
			targets = (
				A0D4EC4B2DA48E8F0056587E /* Splitwise */,
				A0D4EC612DA48E910056587E /* SplitwiseTests */,
				A0D4EC6B2DA48E910056587E /* SplitwiseUITests */,
			);
		};
/* End PBXProject section */

/* Begin PBXResourcesBuildPhase section */
		A0D4EC4A2DA48E8F0056587E /* Resources */ = {
			isa = PBXResourcesBuildPhase;
			buildActionMask = 2147483647;
			files = (
			);
			runOnlyForDeploymentPostprocessing = 0;
		};
		A0D4EC602DA48E910056587E /* Resources */ = {
			isa = PBXResourcesBuildPhase;
			buildActionMask = 2147483647;
			files = (
			);
			runOnlyForDeploymentPostprocessing = 0;
		};
		A0D4EC6A2DA48E910056587E /* Resources */ = {
			isa = PBXResourcesBuildPhase;
			buildActionMask = 2147483647;
			files = (
			);
			runOnlyForDeploymentPostprocessing = 0;
		};
/* End PBXResourcesBuildPhase section */

/* Begin PBXSourcesBuildPhase section */
		A0D4EC482DA48E8F0056587E /* Sources */ = {
			isa = PBXSourcesBuildPhase;
			buildActionMask = 2147483647;
			files = (
			);
			runOnlyForDeploymentPostprocessing = 0;
		};
		A0D4EC5E2DA48E910056587E /* Sources */ = {
			isa = PBXSourcesBuildPhase;
			buildActionMask = 2147483647;
			files = (
			);
			runOnlyForDeploymentPostprocessing = 0;
		};
		A0D4EC682DA48E910056587E /* Sources */ = {
			isa = PBXSourcesBuildPhase;
			buildActionMask = 2147483647;
			files = (
			);
			runOnlyForDeploymentPostprocessing = 0;
		};
/* End PBXSourcesBuildPhase section */

/* Begin PBXTargetDependency section */
		A0D4EC642DA48E910056587E /* PBXTargetDependency */ = {
			isa = PBXTargetDependency;
			target = A0D4EC4B2DA48E8F0056587E /* Splitwise */;
			targetProxy = A0D4EC632DA48E910056587E /* PBXContainerItemProxy */;
		};
		A0D4EC6E2DA48E910056587E /* PBXTargetDependency */ = {
			isa = PBXTargetDependency;
			target = A0D4EC4B2DA48E8F0056587E /* Splitwise */;
			targetProxy = A0D4EC6D2DA48E910056587E /* PBXContainerItemProxy */;
		};
/* End PBXTargetDependency section */

/* Begin XCBuildConfiguration section */
		A0D4EC762DA48E910056587E /* Debug */ = {
			isa = XCBuildConfiguration;
			buildSettings = {
				ASSETCATALOG_COMPILER_APPICON_NAME = AppIcon;
				ASSETCATALOG_COMPILER_GLOBAL_ACCENT_COLOR_NAME = AccentColor;
				CODE_SIGN_STYLE = Automatic;
				CURRENT_PROJECT_VERSION = 1;
				DEVELOPMENT_TEAM = D9C28JTVJV;
				GENERATE_INFOPLIST_FILE = YES;
				INFOPLIST_FILE = Splitwise/Info.plist;
				INFOPLIST_KEY_UIApplicationSupportsIndirectInputEvents = YES;
				INFOPLIST_KEY_UILaunchStoryboardName = LaunchScreen;
				INFOPLIST_KEY_UIMainStoryboardFile = Main;
				INFOPLIST_KEY_UISupportedInterfaceOrientations_iPad = "UIInterfaceOrientationPortrait UIInterfaceOrientationPortraitUpsideDown UIInterfaceOrientationLandscapeLeft UIInterfaceOrientationLandscapeRight";
				INFOPLIST_KEY_UISupportedInterfaceOrientations_iPhone = "UIInterfaceOrientationPortrait UIInterfaceOrientationLandscapeLeft UIInterfaceOrientationLandscapeRight";
				LD_RUNPATH_SEARCH_PATHS = (
					"$(inherited)",
					"@executable_path/Frameworks",
				);
				MARKETING_VERSION = 1.0;
				PRODUCT_BUNDLE_IDENTIFIER = com.cybercitycode.Splitwise;
				PRODUCT_NAME = "$(TARGET_NAME)";
				SWIFT_EMIT_LOC_STRINGS = YES;
				SWIFT_VERSION = 5.0;
				TARGETED_DEVICE_FAMILY = "1,2";
			};
			name = Debug;
		};
		A0D4EC772DA48E910056587E /* Release */ = {
			isa = XCBuildConfiguration;
			buildSettings = {
				ASSETCATALOG_COMPILER_APPICON_NAME = AppIcon;
				ASSETCATALOG_COMPILER_GLOBAL_ACCENT_COLOR_NAME = AccentColor;
				CODE_SIGN_STYLE = Automatic;
				CURRENT_PROJECT_VERSION = 1;
				DEVELOPMENT_TEAM = D9C28JTVJV;
				GENERATE_INFOPLIST_FILE = YES;
				INFOPLIST_FILE = Splitwise/Info.plist;
				INFOPLIST_KEY_UIApplicationSupportsIndirectInputEvents = YES;
				INFOPLIST_KEY_UILaunchStoryboardName = LaunchScreen;
				INFOPLIST_KEY_UIMainStoryboardFile = Main;
				INFOPLIST_KEY_UISupportedInterfaceOrientations_iPad = "UIInterfaceOrientationPortrait UIInterfaceOrientationPortraitUpsideDown UIInterfaceOrientationLandscapeLeft UIInterfaceOrientationLandscapeRight";
				INFOPLIST_KEY_UISupportedInterfaceOrientations_iPhone = "UIInterfaceOrientationPortrait UIInterfaceOrientationLandscapeLeft UIInterfaceOrientationLandscapeRight";
				LD_RUNPATH_SEARCH_PATHS = (
					"$(inherited)",
					"@executable_path/Frameworks",
				);
				MARKETING_VERSION = 1.0;
				PRODUCT_BUNDLE_IDENTIFIER = com.cybercitycode.Splitwise;
				PRODUCT_NAME = "$(TARGET_NAME)";
				SWIFT_EMIT_LOC_STRINGS = YES;
				SWIFT_VERSION = 5.0;
				TARGETED_DEVICE_FAMILY = "1,2";
			};
			name = Release;
		};
		A0D4EC782DA48E910056587E /* Debug */ = {
			isa = XCBuildConfiguration;
			buildSettings = {
				ALWAYS_SEARCH_USER_PATHS = NO;
				ASSETCATALOG_COMPILER_GENERATE_SWIFT_ASSET_SYMBOL_EXTENSIONS = YES;
				CLANG_ANALYZER_NONNULL = YES;
				CLANG_ANALYZER_NUMBER_OBJECT_CONVERSION = YES_AGGRESSIVE;
				CLANG_CXX_LANGUAGE_STANDARD = "gnu++20";
				CLANG_ENABLE_MODULES = YES;
				CLANG_ENABLE_OBJC_ARC = YES;
				CLANG_ENABLE_OBJC_WEAK = YES;
				CLANG_WARN_BLOCK_CAPTURE_AUTORELEASING = YES;
				CLANG_WARN_BOOL_CONVERSION = YES;
				CLANG_WARN_COMMA = YES;
				CLANG_WARN_CONSTANT_CONVERSION = YES;
				CLANG_WARN_DEPRECATED_OBJC_IMPLEMENTATIONS = YES;
				CLANG_WARN_DIRECT_OBJC_ISA_USAGE = YES_ERROR;
				CLANG_WARN_DOCUMENTATION_COMMENTS = YES;
				CLANG_WARN_EMPTY_BODY = YES;
				CLANG_WARN_ENUM_CONVERSION = YES;
				CLANG_WARN_INFINITE_RECURSION = YES;
				CLANG_WARN_INT_CONVERSION = YES;
				CLANG_WARN_NON_LITERAL_NULL_CONVERSION = YES;
				CLANG_WARN_OBJC_IMPLICIT_RETAIN_SELF = YES;
				CLANG_WARN_OBJC_LITERAL_CONVERSION = YES;
				CLANG_WARN_OBJC_ROOT_CLASS = YES_ERROR;
				CLANG_WARN_QUOTED_INCLUDE_IN_FRAMEWORK_HEADER = YES;
				CLANG_WARN_RANGE_LOOP_ANALYSIS = YES;
				CLANG_WARN_STRICT_PROTOTYPES = YES;
				CLANG_WARN_SUSPICIOUS_MOVE = YES;
				CLANG_WARN_UNGUARDED_AVAILABILITY = YES_AGGRESSIVE;
				CLANG_WARN_UNREACHABLE_CODE = YES;
				CLANG_WARN__DUPLICATE_METHOD_MATCH = YES;
				COPY_PHASE_STRIP = NO;
				DEBUG_INFORMATION_FORMAT = dwarf;
				ENABLE_STRICT_OBJC_MSGSEND = YES;
				ENABLE_TESTABILITY = YES;
				ENABLE_USER_SCRIPT_SANDBOXING = YES;
				GCC_C_LANGUAGE_STANDARD = gnu17;
				GCC_DYNAMIC_NO_PIC = NO;
				GCC_NO_COMMON_BLOCKS = YES;
				GCC_OPTIMIZATION_LEVEL = 0;
				GCC_PREPROCESSOR_DEFINITIONS = (
					"DEBUG=1",
					"$(inherited)",
				);
				GCC_WARN_64_TO_32_BIT_CONVERSION = YES;
				GCC_WARN_ABOUT_RETURN_TYPE = YES_ERROR;
				GCC_WARN_UNDECLARED_SELECTOR = YES;
				GCC_WARN_UNINITIALIZED_AUTOS = YES_AGGRESSIVE;
				GCC_WARN_UNUSED_FUNCTION = YES;
				GCC_WARN_UNUSED_VARIABLE = YES;
				IPHONEOS_DEPLOYMENT_TARGET = 18.2;
				LOCALIZATION_PREFERS_STRING_CATALOGS = YES;
				MTL_ENABLE_DEBUG_INFO = INCLUDE_SOURCE;
				MTL_FAST_MATH = YES;
				ONLY_ACTIVE_ARCH = YES;
				SDKROOT = iphoneos;
				SWIFT_ACTIVE_COMPILATION_CONDITIONS = "DEBUG $(inherited)";
				SWIFT_OPTIMIZATION_LEVEL = "-Onone";
			};
			name = Debug;
		};
		A0D4EC792DA48E910056587E /* Release */ = {
			isa = XCBuildConfiguration;
			buildSettings = {
				ALWAYS_SEARCH_USER_PATHS = NO;
				ASSETCATALOG_COMPILER_GENERATE_SWIFT_ASSET_SYMBOL_EXTENSIONS = YES;
				CLANG_ANALYZER_NONNULL = YES;
				CLANG_ANALYZER_NUMBER_OBJECT_CONVERSION = YES_AGGRESSIVE;
				CLANG_CXX_LANGUAGE_STANDARD = "gnu++20";
				CLANG_ENABLE_MODULES = YES;
				CLANG_ENABLE_OBJC_ARC = YES;
				CLANG_ENABLE_OBJC_WEAK = YES;
				CLANG_WARN_BLOCK_CAPTURE_AUTORELEASING = YES;
				CLANG_WARN_BOOL_CONVERSION = YES;
				CLANG_WARN_COMMA = YES;
				CLANG_WARN_CONSTANT_CONVERSION = YES;
				CLANG_WARN_DEPRECATED_OBJC_IMPLEMENTATIONS = YES;
				CLANG_WARN_DIRECT_OBJC_ISA_USAGE = YES_ERROR;
				CLANG_WARN_DOCUMENTATION_COMMENTS = YES;
				CLANG_WARN_EMPTY_BODY = YES;
				CLANG_WARN_ENUM_CONVERSION = YES;
				CLANG_WARN_INFINITE_RECURSION = YES;
				CLANG_WARN_INT_CONVERSION = YES;
				CLANG_WARN_NON_LITERAL_NULL_CONVERSION = YES;
				CLANG_WARN_OBJC_IMPLICIT_RETAIN_SELF = YES;
				CLANG_WARN_OBJC_LITERAL_CONVERSION = YES;
				CLANG_WARN_OBJC_ROOT_CLASS = YES_ERROR;
				CLANG_WARN_QUOTED_INCLUDE_IN_FRAMEWORK_HEADER = YES;
				CLANG_WARN_RANGE_LOOP_ANALYSIS = YES;
				CLANG_WARN_STRICT_PROTOTYPES = YES;
				CLANG_WARN_SUSPICIOUS_MOVE = YES;
				CLANG_WARN_UNGUARDED_AVAILABILITY = YES_AGGRESSIVE;
				CLANG_WARN_UNREACHABLE_CODE = YES;
				CLANG_WARN__DUPLICATE_METHOD_MATCH = YES;
				COPY_PHASE_STRIP = NO;
				DEBUG_INFORMATION_FORMAT = "dwarf-with-dsym";
				ENABLE_NS_ASSERTIONS = NO;
				ENABLE_STRICT_OBJC_MSGSEND = YES;
				ENABLE_USER_SCRIPT_SANDBOXING = YES;
				GCC_C_LANGUAGE_STANDARD = gnu17;
				GCC_NO_COMMON_BLOCKS = YES;
				GCC_WARN_64_TO_32_BIT_CONVERSION = YES;
				GCC_WARN_ABOUT_RETURN_TYPE = YES_ERROR;
				GCC_WARN_UNDECLARED_SELECTOR = YES;
				GCC_WARN_UNINITIALIZED_AUTOS = YES_AGGRESSIVE;
				GCC_WARN_UNUSED_FUNCTION = YES;
				GCC_WARN_UNUSED_VARIABLE = YES;
				IPHONEOS_DEPLOYMENT_TARGET = 18.2;
				LOCALIZATION_PREFERS_STRING_CATALOGS = YES;
				MTL_ENABLE_DEBUG_INFO = NO;
				MTL_FAST_MATH = YES;
				SDKROOT = iphoneos;
				SWIFT_COMPILATION_MODE = wholemodule;
				VALIDATE_PRODUCT = YES;
			};
			name = Release;
		};
		A0D4EC7B2DA48E910056587E /* Debug */ = {
			isa = XCBuildConfiguration;
			buildSettings = {
				BUNDLE_LOADER = "$(TEST_HOST)";
				CODE_SIGN_STYLE = Automatic;
				CURRENT_PROJECT_VERSION = 1;
				DEVELOPMENT_TEAM = D9C28JTVJV;
				GENERATE_INFOPLIST_FILE = YES;
				IPHONEOS_DEPLOYMENT_TARGET = 18.2;
				MARKETING_VERSION = 1.0;
				PRODUCT_BUNDLE_IDENTIFIER = com.cybercitycode.SplitwiseTests;
				PRODUCT_NAME = "$(TARGET_NAME)";
				SWIFT_EMIT_LOC_STRINGS = NO;
				SWIFT_VERSION = 5.0;
				TARGETED_DEVICE_FAMILY = "1,2";
				TEST_HOST = "$(BUILT_PRODUCTS_DIR)/Splitwise.app/$(BUNDLE_EXECUTABLE_FOLDER_PATH)/Splitwise";
			};
			name = Debug;
		};
		A0D4EC7C2DA48E910056587E /* Release */ = {
			isa = XCBuildConfiguration;
			buildSettings = {
				BUNDLE_LOADER = "$(TEST_HOST)";
				CODE_SIGN_STYLE = Automatic;
				CURRENT_PROJECT_VERSION = 1;
				DEVELOPMENT_TEAM = D9C28JTVJV;
				GENERATE_INFOPLIST_FILE = YES;
				IPHONEOS_DEPLOYMENT_TARGET = 18.2;
				MARKETING_VERSION = 1.0;
				PRODUCT_BUNDLE_IDENTIFIER = com.cybercitycode.SplitwiseTests;
				PRODUCT_NAME = "$(TARGET_NAME)";
				SWIFT_EMIT_LOC_STRINGS = NO;
				SWIFT_VERSION = 5.0;
				TARGETED_DEVICE_FAMILY = "1,2";
				TEST_HOST = "$(BUILT_PRODUCTS_DIR)/Splitwise.app/$(BUNDLE_EXECUTABLE_FOLDER_PATH)/Splitwise";
			};
			name = Release;
		};
		A0D4EC7E2DA48E910056587E /* Debug */ = {
			isa = XCBuildConfiguration;
			buildSettings = {
				CODE_SIGN_STYLE = Automatic;
				CURRENT_PROJECT_VERSION = 1;
				DEVELOPMENT_TEAM = D9C28JTVJV;
				GENERATE_INFOPLIST_FILE = YES;
				MARKETING_VERSION = 1.0;
				PRODUCT_BUNDLE_IDENTIFIER = com.cybercitycode.SplitwiseUITests;
				PRODUCT_NAME = "$(TARGET_NAME)";
				SWIFT_EMIT_LOC_STRINGS = NO;
				SWIFT_VERSION = 5.0;
				TARGETED_DEVICE_FAMILY = "1,2";
				TEST_TARGET_NAME = Splitwise;
			};
			name = Debug;
		};
		A0D4EC7F2DA48E910056587E /* Release */ = {
			isa = XCBuildConfiguration;
			buildSettings = {
				CODE_SIGN_STYLE = Automatic;
				CURRENT_PROJECT_VERSION = 1;
				DEVELOPMENT_TEAM = D9C28JTVJV;
				GENERATE_INFOPLIST_FILE = YES;
				MARKETING_VERSION = 1.0;
				PRODUCT_BUNDLE_IDENTIFIER = com.cybercitycode.SplitwiseUITests;
				PRODUCT_NAME = "$(TARGET_NAME)";
				SWIFT_EMIT_LOC_STRINGS = NO;
				SWIFT_VERSION = 5.0;
				TARGETED_DEVICE_FAMILY = "1,2";
				TEST_TARGET_NAME = Splitwise;
			};
			name = Release;
		};
/* End XCBuildConfiguration section */

/* Begin XCConfigurationList section */
		A0D4EC472DA48E8F0056587E /* Build configuration list for PBXProject "Splitwise" */ = {
			isa = XCConfigurationList;
			buildConfigurations = (
				A0D4EC782DA48E910056587E /* Debug */,
				A0D4EC792DA48E910056587E /* Release */,
			);
			defaultConfigurationIsVisible = 0;
			defaultConfigurationName = Release;
		};
		A0D4EC752DA48E910056587E /* Build configuration list for PBXNativeTarget "Splitwise" */ = {
			isa = XCConfigurationList;
			buildConfigurations = (
				A0D4EC762DA48E910056587E /* Debug */,
				A0D4EC772DA48E910056587E /* Release */,
			);
			defaultConfigurationIsVisible = 0;
			defaultConfigurationName = Release;
		};
		A0D4EC7A2DA48E910056587E /* Build configuration list for PBXNativeTarget "SplitwiseTests" */ = {
			isa = XCConfigurationList;
			buildConfigurations = (
				A0D4EC7B2DA48E910056587E /* Debug */,
				A0D4EC7C2DA48E910056587E /* Release */,
			);
			defaultConfigurationIsVisible = 0;
			defaultConfigurationName = Release;
		};
		A0D4EC7D2DA48E910056587E /* Build configuration list for PBXNativeTarget "SplitwiseUITests" */ = {
			isa = XCConfigurationList;
			buildConfigurations = (
				A0D4EC7E2DA48E910056587E /* Debug */,
				A0D4EC7F2DA48E910056587E /* Release */,
			);
			defaultConfigurationIsVisible = 0;
			defaultConfigurationName = Release;
		};
/* End XCConfigurationList section */
	};
	rootObject = A0D4EC442DA48E8F0056587E /* Project object */;
}
